// !$*UTF8*$!
{
	archiveVersion = 1;
	classes = {
	};
	objectVersion = 46;
	objects = {

/* Begin PBXBuildFile section */
		DE1BB77F1AD3965000140D62 /* AppDelegate.swift in Sources */ = {isa = PBXBuildFile; fileRef = DE1BB77E1AD3965000140D62 /* AppDelegate.swift */; };
		DE1BB7811AD3965000140D62 /* ViewController.swift in Sources */ = {isa = PBXBuildFile; fileRef = DE1BB7801AD3965000140D62 /* ViewController.swift */; };
		DE1BB7841AD3965000140D62 /* Main.storyboard in Resources */ = {isa = PBXBuildFile; fileRef = DE1BB7821AD3965000140D62 /* Main.storyboard */; };
		DE1BB7861AD3965000140D62 /* Images.xcassets in Resources */ = {isa = PBXBuildFile; fileRef = DE1BB7851AD3965000140D62 /* Images.xcassets */; };
		DE1BB7891AD3965000140D62 /* LaunchScreen.xib in Resources */ = {isa = PBXBuildFile; fileRef = DE1BB7871AD3965000140D62 /* LaunchScreen.xib */; };
		DE1BB7951AD3965000140D62 /* SIzeClassesTests.swift in Sources */ = {isa = PBXBuildFile; fileRef = DE1BB7941AD3965000140D62 /* SIzeClassesTests.swift */; };
/* End PBXBuildFile section */

/* Begin PBXContainerItemProxy section */
		DE1BB78F1AD3965000140D62 /* PBXContainerItemProxy */ = {
			isa = PBXContainerItemProxy;
			containerPortal = DE1BB7711AD3964F00140D62 /* Project object */;
			proxyType = 1;
			remoteGlobalIDString = DE1BB7781AD3964F00140D62;
			remoteInfo = SIzeClasses;
		};
/* End PBXContainerItemProxy section */

/* Begin PBXFileReference section */
		DE1BB7791AD3964F00140D62 /* SIzeClasses.app */ = {isa = PBXFileReference; explicitFileType = wrapper.application; includeInIndex = 0; path = SIzeClasses.app; sourceTree = BUILT_PRODUCTS_DIR; };
		DE1BB77D1AD3965000140D62 /* Info.plist */ = {isa = PBXFileReference; lastKnownFileType = text.plist.xml; path = Info.plist; sourceTree = "<group>"; };
		DE1BB77E1AD3965000140D62 /* AppDelegate.swift */ = {isa = PBXFileReference; lastKnownFileType = sourcecode.swift; path = AppDelegate.swift; sourceTree = "<group>"; };
		DE1BB7801AD3965000140D62 /* ViewController.swift */ = {isa = PBXFileReference; lastKnownFileType = sourcecode.swift; path = ViewController.swift; sourceTree = "<group>"; };
		DE1BB7831AD3965000140D62 /* Base */ = {isa = PBXFileReference; lastKnownFileType = file.storyboard; name = Base; path = Base.lproj/Main.storyboard; sourceTree = "<group>"; };
		DE1BB7851AD3965000140D62 /* Images.xcassets */ = {isa = PBXFileReference; lastKnownFileType = folder.assetcatalog; path = Images.xcassets; sourceTree = "<group>"; };
		DE1BB7881AD3965000140D62 /* Base */ = {isa = PBXFileReference; lastKnownFileType = file.xib; name = Base; path = Base.lproj/LaunchScreen.xib; sourceTree = "<group>"; };
		DE1BB78E1AD3965000140D62 /* SIzeClassesTests.xctest */ = {isa = PBXFileReference; explicitFileType = wrapper.cfbundle; includeInIndex = 0; path = SIzeClassesTests.xctest; sourceTree = BUILT_PRODUCTS_DIR; };
		DE1BB7931AD3965000140D62 /* Info.plist */ = {isa = PBXFileReference; lastKnownFileType = text.plist.xml; path = Info.plist; sourceTree = "<group>"; };
		DE1BB7941AD3965000140D62 /* SIzeClassesTests.swift */ = {isa = PBXFileReference; lastKnownFileType = sourcecode.swift; path = SIzeClassesTests.swift; sourceTree = "<group>"; };
/* End PBXFileReference section */

/* Begin PBXFrameworksBuildPhase section */
		DE1BB7761AD3964F00140D62 /* Frameworks */ = {
			isa = PBXFrameworksBuildPhase;
			buildActionMask = 2147483647;
			files = (
			);
			runOnlyForDeploymentPostprocessing = 0;
		};
		DE1BB78B1AD3965000140D62 /* Frameworks */ = {
			isa = PBXFrameworksBuildPhase;
			buildActionMask = 2147483647;
			files = (
			);
			runOnlyForDeploymentPostprocessing = 0;
		};
/* End PBXFrameworksBuildPhase section */

/* Begin PBXGroup section */
		DE1BB7701AD3964F00140D62 = {
			isa = PBXGroup;
			children = (
				DE1BB77B1AD3964F00140D62 /* SIzeClasses */,
				DE1BB7911AD3965000140D62 /* SIzeClassesTests */,
				DE1BB77A1AD3964F00140D62 /* Products */,
			);
			sourceTree = "<group>";
		};
		DE1BB77A1AD3964F00140D62 /* Products */ = {
			isa = PBXGroup;
			children = (
				DE1BB7791AD3964F00140D62 /* SIzeClasses.app */,
				DE1BB78E1AD3965000140D62 /* SIzeClassesTests.xctest */,
			);
			name = Products;
			sourceTree = "<group>";
		};
		DE1BB77B1AD3964F00140D62 /* SIzeClasses */ = {
			isa = PBXGroup;
			children = (
				DE1BB77E1AD3965000140D62 /* AppDelegate.swift */,
				DE1BB7801AD3965000140D62 /* ViewController.swift */,
				DE1BB7821AD3965000140D62 /* Main.storyboard */,
				DE1BB7851AD3965000140D62 /* Images.xcassets */,
				DE1BB7871AD3965000140D62 /* LaunchScreen.xib */,
				DE1BB77C1AD3964F00140D62 /* Supporting Files */,
			);
			path = SIzeClasses;
			sourceTree = "<group>";
		};
		DE1BB77C1AD3964F00140D62 /* Supporting Files */ = {
			isa = PBXGroup;
			children = (
				DE1BB77D1AD3965000140D62 /* Info.plist */,
			);
			name = "Supporting Files";
			sourceTree = "<group>";
		};
		DE1BB7911AD3965000140D62 /* SIzeClassesTests */ = {
			isa = PBXGroup;
			children = (
				DE1BB7941AD3965000140D62 /* SIzeClassesTests.swift */,
				DE1BB7921AD3965000140D62 /* Supporting Files */,
			);
			path = SIzeClassesTests;
			sourceTree = "<group>";
		};
		DE1BB7921AD3965000140D62 /* Supporting Files */ = {
			isa = PBXGroup;
			children = (
				DE1BB7931AD3965000140D62 /* Info.plist */,
			);
			name = "Supporting Files";
			sourceTree = "<group>";
		};
/* End PBXGroup section */

/* Begin PBXNativeTarget section */
		DE1BB7781AD3964F00140D62 /* SIzeClasses */ = {
			isa = PBXNativeTarget;
			buildConfigurationList = DE1BB7981AD3965000140D62 /* Build configuration list for PBXNativeTarget "SIzeClasses" */;
			buildPhases = (
				DE1BB7751AD3964F00140D62 /* Sources */,
				DE1BB7761AD3964F00140D62 /* Frameworks */,
				DE1BB7771AD3964F00140D62 /* Resources */,
			);
			buildRules = (
			);
			dependencies = (
			);
			name = SIzeClasses;
			productName = SIzeClasses;
			productReference = DE1BB7791AD3964F00140D62 /* SIzeClasses.app */;
			productType = "com.apple.product-type.application";
		};
		DE1BB78D1AD3965000140D62 /* SIzeClassesTests */ = {
			isa = PBXNativeTarget;
			buildConfigurationList = DE1BB79B1AD3965000140D62 /* Build configuration list for PBXNativeTarget "SIzeClassesTests" */;
			buildPhases = (
				DE1BB78A1AD3965000140D62 /* Sources */,
				DE1BB78B1AD3965000140D62 /* Frameworks */,
				DE1BB78C1AD3965000140D62 /* Resources */,
			);
			buildRules = (
			);
			dependencies = (
				DE1BB7901AD3965000140D62 /* PBXTargetDependency */,
			);
			name = SIzeClassesTests;
			productName = SIzeClassesTests;
			productReference = DE1BB78E1AD3965000140D62 /* SIzeClassesTests.xctest */;
			productType = "com.apple.product-type.bundle.unit-test";
		};
/* End PBXNativeTarget section */

/* Begin PBXProject section */
		DE1BB7711AD3964F00140D62 /* Project object */ = {
			isa = PBXProject;
			attributes = {
				LastUpgradeCheck = 0620;
				ORGANIZATIONNAME = "Tony Morales";
				TargetAttributes = {
					DE1BB7781AD3964F00140D62 = {
						CreatedOnToolsVersion = 6.2;
					};
					DE1BB78D1AD3965000140D62 = {
						CreatedOnToolsVersion = 6.2;
						TestTargetID = DE1BB7781AD3964F00140D62;
					};
				};
			};
			buildConfigurationList = DE1BB7741AD3964F00140D62 /* Build configuration list for PBXProject "SIzeClasses" */;
			compatibilityVersion = "Xcode 3.2";
			developmentRegion = English;
			hasScannedForEncodings = 0;
			knownRegions = (
				en,
				Base,
			);
			mainGroup = DE1BB7701AD3964F00140D62;
			productRefGroup = DE1BB77A1AD3964F00140D62 /* Products */;
			projectDirPath = "";
			projectRoot = "";
			targets = (
				DE1BB7781AD3964F00140D62 /* SIzeClasses */,
				DE1BB78D1AD3965000140D62 /* SIzeClassesTests */,
			);
		};
/* End PBXProject section */

/* Begin PBXResourcesBuildPhase section */
		DE1BB7771AD3964F00140D62 /* Resources */ = {
			isa = PBXResourcesBuildPhase;
			buildActionMask = 2147483647;
			files = (
				DE1BB7841AD3965000140D62 /* Main.storyboard in Resources */,
				DE1BB7891AD3965000140D62 /* LaunchScreen.xib in Resources */,
				DE1BB7861AD3965000140D62 /* Images.xcassets in Resources */,
			);
			runOnlyForDeploymentPostprocessing = 0;
		};
		DE1BB78C1AD3965000140D62 /* Resources */ = {
			isa = PBXResourcesBuildPhase;
			buildActionMask = 2147483647;
			files = (
			);
			runOnlyForDeploymentPostprocessing = 0;
		};
/* End PBXResourcesBuildPhase section */

/* Begin PBXSourcesBuildPhase section */
		DE1BB7751AD3964F00140D62 /* Sources */ = {
			isa = PBXSourcesBuildPhase;
			buildActionMask = 2147483647;
			files = (
				DE1BB7811AD3965000140D62 /* ViewController.swift in Sources */,
				DE1BB77F1AD3965000140D62 /* AppDelegate.swift in Sources */,
			);
			runOnlyForDeploymentPostprocessing = 0;
		};
		DE1BB78A1AD3965000140D62 /* Sources */ = {
			isa = PBXSourcesBuildPhase;
			buildActionMask = 2147483647;
			files = (
				DE1BB7951AD3965000140D62 /* SIzeClassesTests.swift in Sources */,
			);
			runOnlyForDeploymentPostprocessing = 0;
		};
/* End PBXSourcesBuildPhase section */

/* Begin PBXTargetDependency section */
		DE1BB7901AD3965000140D62 /* PBXTargetDependency */ = {
			isa = PBXTargetDependency;
			target = DE1BB7781AD3964F00140D62 /* SIzeClasses */;
			targetProxy = DE1BB78F1AD3965000140D62 /* PBXContainerItemProxy */;
		};
/* End PBXTargetDependency section */

/* Begin PBXVariantGroup section */
		DE1BB7821AD3965000140D62 /* Main.storyboard */ = {
			isa = PBXVariantGroup;
			children = (
				DE1BB7831AD3965000140D62 /* Base */,
			);
			name = Main.storyboard;
			sourceTree = "<group>";
		};
		DE1BB7871AD3965000140D62 /* LaunchScreen.xib */ = {
			isa = PBXVariantGroup;
			children = (
				DE1BB7881AD3965000140D62 /* Base */,
			);
			name = LaunchScreen.xib;
			sourceTree = "<group>";
		};
/* End PBXVariantGroup section */

/* Begin XCBuildConfiguration section */
		DE1BB7961AD3965000140D62 /* Debug */ = {
			isa = XCBuildConfiguration;
			buildSettings = {
				ALWAYS_SEARCH_USER_PATHS = NO;
				CLANG_CXX_LANGUAGE_STANDARD = "gnu++0x";
				CLANG_CXX_LIBRARY = "libc++";
				CLANG_ENABLE_MODULES = YES;
				CLANG_ENABLE_OBJC_ARC = YES;
				CLANG_WARN_BOOL_CONVERSION = YES;
				CLANG_WARN_CONSTANT_CONVERSION = YES;
				CLANG_WARN_DIRECT_OBJC_ISA_USAGE = YES_ERROR;
				CLANG_WARN_EMPTY_BODY = YES;
				CLANG_WARN_ENUM_CONVERSION = YES;
				CLANG_WARN_INT_CONVERSION = YES;
				CLANG_WARN_OBJC_ROOT_CLASS = YES_ERROR;
				CLANG_WARN_UNREACHABLE_CODE = YES;
				CLANG_WARN__DUPLICATE_METHOD_MATCH = YES;
				"CODE_SIGN_IDENTITY[sdk=iphoneos*]" = "iPhone Developer";
				COPY_PHASE_STRIP = NO;
				ENABLE_STRICT_OBJC_MSGSEND = YES;
				GCC_C_LANGUAGE_STANDARD = gnu99;
				GCC_DYNAMIC_NO_PIC = NO;
				GCC_OPTIMIZATION_LEVEL = 0;
				GCC_PREPROCESSOR_DEFINITIONS = (
					"DEBUG=1",
					"$(inherited)",
				);
				GCC_SYMBOLS_PRIVATE_EXTERN = NO;
				GCC_WARN_64_TO_32_BIT_CONVERSION = YES;
				GCC_WARN_ABOUT_RETURN_TYPE = YES_ERROR;
				GCC_WARN_UNDECLARED_SELECTOR = YES;
				GCC_WARN_UNINITIALIZED_AUTOS = YES_AGGRESSIVE;
				GCC_WARN_UNUSED_FUNCTION = YES;
				GCC_WARN_UNUSED_VARIABLE = YES;
				IPHONEOS_DEPLOYMENT_TARGET = 8.2;
				MTL_ENABLE_DEBUG_INFO = YES;
				ONLY_ACTIVE_ARCH = YES;
				SDKROOT = iphoneos;
				SWIFT_OPTIMIZATION_LEVEL = "-Onone";
				TARGETED_DEVICE_FAMILY = "1,2";
			};
			name = Debug;
		};
		DE1BB7971AD3965000140D62 /* Release */ = {
			isa = XCBuildConfiguration;
			buildSettings = {
				ALWAYS_SEARCH_USER_PATHS = NO;
				CLANG_CXX_LANGUAGE_STANDARD = "gnu++0x";
				CLANG_CXX_LIBRARY = "libc++";
				CLANG_ENABLE_MODULES = YES;
				CLANG_ENABLE_OBJC_ARC = YES;
				CLANG_WARN_BOOL_CONVERSION = YES;
				CLANG_WARN_CONSTANT_CONVERSION = YES;
				CLANG_WARN_DIRECT_OBJC_ISA_USAGE = YES_ERROR;
				CLANG_WARN_EMPTY_BODY = YES;
				CLANG_WARN_ENUM_CONVERSION = YES;
				CLANG_WARN_INT_CONVERSION = YES;
				CLANG_WARN_OBJC_ROOT_CLASS = YES_ERROR;
				CLANG_WARN_UNREACHABLE_CODE = YES;
				CLANG_WARN__DUPLICATE_METHOD_MATCH = YES;
				"CODE_SIGN_IDENTITY[sdk=iphoneos*]" = "iPhone Developer";
				COPY_PHASE_STRIP = NO;
				ENABLE_NS_ASSERTIONS = NO;
				ENABLE_STRICT_OBJC_MSGSEND = YES;
				GCC_C_LANGUAGE_STANDARD = gnu99;
				GCC_WARN_64_TO_32_BIT_CONVERSION = YES;
				GCC_WARN_ABOUT_RETURN_TYPE = YES_ERROR;
				GCC_WARN_UNDECLARED_SELECTOR = YES;
				GCC_WARN_UNINITIALIZED_AUTOS = YES_AGGRESSIVE;
				GCC_WARN_UNUSED_FUNCTION = YES;
				GCC_WARN_UNUSED_VARIABLE = YES;
				IPHONEOS_DEPLOYMENT_TARGET = 8.2;
				MTL_ENABLE_DEBUG_INFO = NO;
				SDKROOT = iphoneos;
				TARGETED_DEVICE_FAMILY = "1,2";
				VALIDATE_PRODUCT = YES;
			};
			name = Release;
		};
		DE1BB7991AD3965000140D62 /* Debug */ = {
			isa = XCBuildConfiguration;
			buildSettings = {
				ASSETCATALOG_COMPILER_APPICON_NAME = AppIcon;
				INFOPLIST_FILE = SIzeClasses/Info.plist;
				LD_RUNPATH_SEARCH_PATHS = "$(inherited) @executable_path/Frameworks";
				PRODUCT_NAME = "$(TARGET_NAME)";
			};
			name = Debug;
		};
		DE1BB79A1AD3965000140D62 /* Release */ = {
			isa = XCBuildConfiguration;
			buildSettings = {
				ASSETCATALOG_COMPILER_APPICON_NAME = AppIcon;
				INFOPLIST_FILE = SIzeClasses/Info.plist;
				LD_RUNPATH_SEARCH_PATHS = "$(inherited) @executable_path/Frameworks";
				PRODUCT_NAME = "$(TARGET_NAME)";
			};
			name = Release;
		};
		DE1BB79C1AD3965000140D62 /* Debug */ = {
			isa = XCBuildConfiguration;
			buildSettings = {
				BUNDLE_LOADER = "$(TEST_HOST)";
				FRAMEWORK_SEARCH_PATHS = (
					"$(SDKROOT)/Developer/Library/Frameworks",
					"$(inherited)",
				);
				GCC_PREPROCESSOR_DEFINITIONS = (
					"DEBUG=1",
					"$(inherited)",
				);
				INFOPLIST_FILE = SIzeClassesTests/Info.plist;
				LD_RUNPATH_SEARCH_PATHS = "$(inherited) @executable_path/Frameworks @loader_path/Frameworks";
				PRODUCT_NAME = "$(TARGET_NAME)";
				TEST_HOST = "$(BUILT_PRODUCTS_DIR)/SIzeClasses.app/SIzeClasses";
			};
			name = Debug;
		};
		DE1BB79D1AD3965000140D62 /* Release */ = {
			isa = XCBuildConfiguration;
			buildSettings = {
				BUNDLE_LOADER = "$(TEST_HOST)";
				FRAMEWORK_SEARCH_PATHS = (
					"$(SDKROOT)/Developer/Library/Frameworks",
					"$(inherited)",
				);
				INFOPLIST_FILE = SIzeClassesTests/Info.plist;
				LD_RUNPATH_SEARCH_PATHS = "$(inherited) @executable_path/Frameworks @loader_path/Frameworks";
				PRODUCT_NAME = "$(TARGET_NAME)";
				TEST_HOST = "$(BUILT_PRODUCTS_DIR)/SIzeClasses.app/SIzeClasses";
			};
			name = Release;
		};
/* End XCBuildConfiguration section */

/* Begin XCConfigurationList section */
		DE1BB7741AD3964F00140D62 /* Build configuration list for PBXProject "SIzeClasses" */ = {
			isa = XCConfigurationList;
			buildConfigurations = (
				DE1BB7961AD3965000140D62 /* Debug */,
				DE1BB7971AD3965000140D62 /* Release */,
			);
			defaultConfigurationIsVisible = 0;
			defaultConfigurationName = Release;
		};
		DE1BB7981AD3965000140D62 /* Build configuration list for PBXNativeTarget "SIzeClasses" */ = {
			isa = XCConfigurationList;
			buildConfigurations = (
				DE1BB7991AD3965000140D62 /* Debug */,
				DE1BB79A1AD3965000140D62 /* Release */,
			);
			defaultConfigurationIsVisible = 0;
		};
		DE1BB79B1AD3965000140D62 /* Build configuration list for PBXNativeTarget "SIzeClassesTests" */ = {
			isa = XCConfigurationList;
			buildConfigurations = (
				DE1BB79C1AD3965000140D62 /* Debug */,
				DE1BB79D1AD3965000140D62 /* Release */,
			);
			defaultConfigurationIsVisible = 0;
		};
/* End XCConfigurationList section */
	};
	rootObject = DE1BB7711AD3964F00140D62 /* Project object */;
}
